
Microsoft Visual Studio Solution File, Format Version 12.00
# Visual Studio Version 17
VisualStudioVersion = 17.14.36127.28
MinimumVisualStudioVersion = 10.0.40219.1
Project("{FAE04EC0-301F-11D3-BF4B-00C04F79EFBC}") = "CareerDataTool.Domain", "CareerDataTool.Domain\CareerDataTool.Domain.csproj", "{65CC07B2-8E56-4A47-A82A-95AF4A3686DE}"
EndProject
Project("{FAE04EC0-301F-11D3-BF4B-00C04F79EFBC}") = "CareerDataTool.Data", "CareerDataTool.Data\CareerDataTool.Data.csproj", "{5179376D-5E21-4F3F-A93C-B44A57634C63}"
EndProject
Project("{FAE04EC0-301F-11D3-BF4B-00C04F79EFBC}") = "JobOpportunity", "JobOpportunity\JobOpportunity.csproj", "{1DC5EBEA-78DC-4EB0-88C3-5C118DA5F90C}"
EndProject
Global
	GlobalSection(SolutionConfigurationPlatforms) = preSolution
		Debug|Any CPU = Debug|Any CPU
		Release|Any CPU = Release|Any CPU
	EndGlobalSection
	GlobalSection(ProjectConfigurationPlatforms) = postSolution
		{65CC07B2-8E56-4A47-A82A-95AF4A3686DE}.Debug|Any CPU.ActiveCfg = Debug|Any CPU
		{65CC07B2-8E56-4A47-A82A-95AF4A3686DE}.Debug|Any CPU.Build.0 = Debug|Any CPU
		{65CC07B2-8E56-4A47-A82A-95AF4A3686DE}.Release|Any CPU.ActiveCfg = Release|Any CPU
		{65CC07B2-8E56-4A47-A82A-95AF4A3686DE}.Release|Any CPU.Build.0 = Release|Any CPU
		{5179376D-5E21-4F3F-A93C-B44A57634C63}.Debug|Any CPU.ActiveCfg = Debug|Any CPU
		{5179376D-5E21-4F3F-A93C-B44A57634C63}.Debug|Any CPU.Build.0 = Debug|Any CPU
		{5179376D-5E21-4F3F-A93C-B44A57634C63}.Release|Any CPU.ActiveCfg = Release|Any CPU
		{5179376D-5E21-4F3F-A93C-B44A57634C63}.Release|Any CPU.Build.0 = Release|Any CPU
		{1DC5EBEA-78DC-4EB0-88C3-5C118DA5F90C}.Debug|Any CPU.ActiveCfg = Debug|Any CPU
		{1DC5EBEA-78DC-4EB0-88C3-5C118DA5F90C}.Debug|Any CPU.Build.0 = Debug|Any CPU
		{1DC5EBEA-78DC-4EB0-88C3-5C118DA5F90C}.Release|Any CPU.ActiveCfg = Release|Any CPU
		{1DC5EBEA-78DC-4EB0-88C3-5C118DA5F90C}.Release|Any CPU.Build.0 = Release|Any CPU
	EndGlobalSection
	GlobalSection(SolutionProperties) = preSolution
		HideSolutionNode = FALSE
	EndGlobalSection
	GlobalSection(ExtensibilityGlobals) = postSolution
		SolutionGuid = {1796B313-837C-4E73-9EB5-690F6EF729B6}
	EndGlobalSection
EndGlobal
